
Microsoft Visual Studio Solution File, Format Version 12.00
# Visual Studio Version 17
VisualStudioVersion = 17.10.35013.160
MinimumVisualStudioVersion = 10.0.40219.1
Project("{FAE04EC0-301F-11D3-BF4B-00C04F79EFBC}") = "RegisterForm", "RegisterForm\RegisterForm.csproj", "{24F6CADB-B4AE-47E8-A985-5DD6B80E6866}"
EndProject
Global
	GlobalSection(SolutionConfigurationPlatforms) = preSolution
		Debug|Any CPU = Debug|Any CPU
		Release|Any CPU = Release|Any CPU
	EndGlobalSection
	GlobalSection(ProjectConfigurationPlatforms) = postSolution
		{24F6CADB-B4AE-47E8-A985-5DD6B80E6866}.Debug|Any CPU.ActiveCfg = Debug|Any CPU
		{24F6CADB-B4AE-47E8-A985-5DD6B80E6866}.Debug|Any CPU.Build.0 = Debug|Any CPU
		{24F6CADB-B4AE-47E8-A985-5DD6B80E6866}.Release|Any CPU.ActiveCfg = Release|Any CPU
		{24F6CADB-B4AE-47E8-A985-5DD6B80E6866}.Release|Any CPU.Build.0 = Release|Any CPU
	EndGlobalSection
	GlobalSection(SolutionProperties) = preSolution
		HideSolutionNode = FALSE
	EndGlobalSection
	GlobalSection(ExtensibilityGlobals) = postSolution
		SolutionGuid = {79457BCA-599E-447E-8348-24AED583E04E}
	EndGlobalSection
EndGlobal
